<Solution>
  <Folder Name="/Solution Items/">
    <File Path="Docs/Build Stages.md" />
    <File Path="Docs/Envionment.md" />
    <File Path="Docs/Project Overview.md" />
    <File Path="Docs/Technical Architecture.md" />
  </Folder>
  <Folder Name="/SQL/">
    <File Path="sql/migrations/001_initial_schema.sql" />
    <File Path="sql/migrations/002_indexes.sql" />
    <File Path="sql/stored-procedures/batch_reconstruct_tickets.sql" />
    <File Path="sql/stored-procedures/get_tickets_for_snapshot.sql" />
    <File Path="sql/stored-procedures/get_ticket_at_time.sql" />
  </Folder>
  <Project Path="src/UPMS.Data/UPMS.Data.csproj" />
  <Project Path="UPMS.Data.Tests/UPMS.Data.Tests.csproj" Id="f646b49d-dff0-431b-b606-52ccbb182723" />
</Solution>
